
Microsoft Visual Studio Solution File, Format Version 12.00
# Visual Studio Version 17
VisualStudioVersion = 17.13.35825.156 d17.13
MinimumVisualStudioVersion = 10.0.40219.1
Project("{FAE04EC0-301F-11D3-BF4B-00C04F79EFBC}") = "app 1", "app 1\app 1.csproj", "{AE4836A1-2F0B-49D8-82D0-021033C4203E}"
EndProject
Global
	GlobalSection(SolutionConfigurationPlatforms) = preSolution
		Debug|Any CPU = Debug|Any CPU
		Release|Any CPU = Release|Any CPU
	EndGlobalSection
	GlobalSection(ProjectConfigurationPlatforms) = postSolution
		{AE4836A1-2F0B-49D8-82D0-021033C4203E}.Debug|Any CPU.ActiveCfg = Debug|Any CPU
		{AE4836A1-2F0B-49D8-82D0-021033C4203E}.Debug|Any CPU.Build.0 = Debug|Any CPU
		{AE4836A1-2F0B-49D8-82D0-021033C4203E}.Release|Any CPU.ActiveCfg = Release|Any CPU
		{AE4836A1-2F0B-49D8-82D0-021033C4203E}.Release|Any CPU.Build.0 = Release|Any CPU
	EndGlobalSection
	GlobalSection(SolutionProperties) = preSolution
		HideSolutionNode = FALSE
	EndGlobalSection
	GlobalSection(ExtensibilityGlobals) = postSolution
		SolutionGuid = {B2785607-DF31-472A-8CE2-94626217043C}
	EndGlobalSection
EndGlobal
